// !$*UTF8*$!
{
	archiveVersion = 1;
	classes = {
	};
	objectVersion = 50;
	objects = {

/* Begin PBXBuildFile section */
		0943DC85225346EE005A1CE6 /* DetailViewController.swift in Sources */ = {isa = PBXBuildFile; fileRef = 0943DC84225346EE005A1CE6 /* DetailViewController.swift */; };
		09F7431722525E2500F8ECD7 /* AppDelegate.swift in Sources */ = {isa = PBXBuildFile; fileRef = 09F7431622525E2500F8ECD7 /* AppDelegate.swift */; };
		09F7431922525E2500F8ECD7 /* ViewController.swift in Sources */ = {isa = PBXBuildFile; fileRef = 09F7431822525E2500F8ECD7 /* ViewController.swift */; };
		09F7431C22525E2500F8ECD7 /* Main.storyboard in Resources */ = {isa = PBXBuildFile; fileRef = 09F7431A22525E2500F8ECD7 /* Main.storyboard */; };
		09F7431E22525E2500F8ECD7 /* Assets.xcassets in Resources */ = {isa = PBXBuildFile; fileRef = 09F7431D22525E2500F8ECD7 /* Assets.xcassets */; };
		09F7432122525E2500F8ECD7 /* LaunchScreen.storyboard in Resources */ = {isa = PBXBuildFile; fileRef = 09F7431F22525E2500F8ECD7 /* LaunchScreen.storyboard */; };
		09F743292252757F00F8ECD7 /* Country.swift in Sources */ = {isa = PBXBuildFile; fileRef = 09F743282252757F00F8ECD7 /* Country.swift */; };
/* End PBXBuildFile section */

/* Begin PBXFileReference section */
		0943DC84225346EE005A1CE6 /* DetailViewController.swift */ = {isa = PBXFileReference; lastKnownFileType = sourcecode.swift; path = DetailViewController.swift; sourceTree = "<group>"; };
		09F7431322525E2500F8ECD7 /* Challenge 5.app */ = {isa = PBXFileReference; explicitFileType = wrapper.application; includeInIndex = 0; path = "Challenge 5.app"; sourceTree = BUILT_PRODUCTS_DIR; };
		09F7431622525E2500F8ECD7 /* AppDelegate.swift */ = {isa = PBXFileReference; lastKnownFileType = sourcecode.swift; path = AppDelegate.swift; sourceTree = "<group>"; };
		09F7431822525E2500F8ECD7 /* ViewController.swift */ = {isa = PBXFileReference; lastKnownFileType = sourcecode.swift; path = ViewController.swift; sourceTree = "<group>"; };
		09F7431B22525E2500F8ECD7 /* Base */ = {isa = PBXFileReference; lastKnownFileType = file.storyboard; name = Base; path = Base.lproj/Main.storyboard; sourceTree = "<group>"; };
		09F7431D22525E2500F8ECD7 /* Assets.xcassets */ = {isa = PBXFileReference; lastKnownFileType = folder.assetcatalog; path = Assets.xcassets; sourceTree = "<group>"; };
		09F7432022525E2500F8ECD7 /* Base */ = {isa = PBXFileReference; lastKnownFileType = file.storyboard; name = Base; path = Base.lproj/LaunchScreen.storyboard; sourceTree = "<group>"; };
		09F7432222525E2500F8ECD7 /* Info.plist */ = {isa = PBXFileReference; lastKnownFileType = text.plist.xml; path = Info.plist; sourceTree = "<group>"; };
		09F743282252757F00F8ECD7 /* Country.swift */ = {isa = PBXFileReference; lastKnownFileType = sourcecode.swift; path = Country.swift; sourceTree = "<group>"; };
/* End PBXFileReference section */

/* Begin PBXFrameworksBuildPhase section */
		09F7431022525E2500F8ECD7 /* Frameworks */ = {
			isa = PBXFrameworksBuildPhase;
			buildActionMask = 2147483647;
			files = (
			);
			runOnlyForDeploymentPostprocessing = 0;
		};
/* End PBXFrameworksBuildPhase section */

/* Begin PBXGroup section */
		09F7430A22525E2500F8ECD7 = {
			isa = PBXGroup;
			children = (
				09F7431522525E2500F8ECD7 /* Challenge 5 */,
				09F7431422525E2500F8ECD7 /* Products */,
			);
			sourceTree = "<group>";
		};
		09F7431422525E2500F8ECD7 /* Products */ = {
			isa = PBXGroup;
			children = (
				09F7431322525E2500F8ECD7 /* Challenge 5.app */,
			);
			name = Products;
			sourceTree = "<group>";
		};
		09F7431522525E2500F8ECD7 /* Challenge 5 */ = {
			isa = PBXGroup;
			children = (
				09F7431622525E2500F8ECD7 /* AppDelegate.swift */,
				09F7431822525E2500F8ECD7 /* ViewController.swift */,
				09F743282252757F00F8ECD7 /* Country.swift */,
				09F7431A22525E2500F8ECD7 /* Main.storyboard */,
				0943DC84225346EE005A1CE6 /* DetailViewController.swift */,
				09F7431D22525E2500F8ECD7 /* Assets.xcassets */,
				09F7431F22525E2500F8ECD7 /* LaunchScreen.storyboard */,
				09F7432222525E2500F8ECD7 /* Info.plist */,
			);
			path = "Challenge 5";
			sourceTree = "<group>";
		};
/* End PBXGroup section */

/* Begin PBXNativeTarget section */
		09F7431222525E2500F8ECD7 /* Challenge 5 */ = {
			isa = PBXNativeTarget;
			buildConfigurationList = 09F7432522525E2500F8ECD7 /* Build configuration list for PBXNativeTarget "Challenge 5" */;
			buildPhases = (
				09F7430F22525E2500F8ECD7 /* Sources */,
				09F7431022525E2500F8ECD7 /* Frameworks */,
				09F7431122525E2500F8ECD7 /* Resources */,
			);
			buildRules = (
			);
			dependencies = (
			);
			name = "Challenge 5";
			productName = "Challenge 5";
			productReference = 09F7431322525E2500F8ECD7 /* Challenge 5.app */;
			productType = "com.apple.product-type.application";
		};
/* End PBXNativeTarget section */

/* Begin PBXProject section */
		09F7430B22525E2500F8ECD7 /* Project object */ = {
			isa = PBXProject;
			attributes = {
				LastSwiftUpdateCheck = 1020;
				LastUpgradeCheck = 1020;
				ORGANIZATIONNAME = "Eihab Khan";
				TargetAttributes = {
					09F7431222525E2500F8ECD7 = {
						CreatedOnToolsVersion = 10.2;
					};
				};
			};
			buildConfigurationList = 09F7430E22525E2500F8ECD7 /* Build configuration list for PBXProject "Challenge 5" */;
			compatibilityVersion = "Xcode 9.3";
			developmentRegion = en;
			hasScannedForEncodings = 0;
			knownRegions = (
				en,
				Base,
			);
			mainGroup = 09F7430A22525E2500F8ECD7;
			productRefGroup = 09F7431422525E2500F8ECD7 /* Products */;
			projectDirPath = "";
			projectRoot = "";
			targets = (
				09F7431222525E2500F8ECD7 /* Challenge 5 */,
			);
		};
/* End PBXProject section */

/* Begin PBXResourcesBuildPhase section */
		09F7431122525E2500F8ECD7 /* Resources */ = {
			isa = PBXResourcesBuildPhase;
			buildActionMask = 2147483647;
			files = (
				09F7432122525E2500F8ECD7 /* LaunchScreen.storyboard in Resources */,
				09F7431E22525E2500F8ECD7 /* Assets.xcassets in Resources */,
				09F7431C22525E2500F8ECD7 /* Main.storyboard in Resources */,
			);
			runOnlyForDeploymentPostprocessing = 0;
		};
/* End PBXResourcesBuildPhase section */

/* Begin PBXSourcesBuildPhase section */
		09F7430F22525E2500F8ECD7 /* Sources */ = {
			isa = PBXSourcesBuildPhase;
			buildActionMask = 2147483647;
			files = (
				09F7431922525E2500F8ECD7 /* ViewController.swift in Sources */,
				09F743292252757F00F8ECD7 /* Country.swift in Sources */,
				09F7431722525E2500F8ECD7 /* AppDelegate.swift in Sources */,
				0943DC85225346EE005A1CE6 /* DetailViewController.swift in Sources */,
			);
			runOnlyForDeploymentPostprocessing = 0;
		};
/* End PBXSourcesBuildPhase section */

/* Begin PBXVariantGroup section */
		09F7431A22525E2500F8ECD7 /* Main.storyboard */ = {
			isa = PBXVariantGroup;
			children = (
				09F7431B22525E2500F8ECD7 /* Base */,
			);
			name = Main.storyboard;
			sourceTree = "<group>";
		};
		09F7431F22525E2500F8ECD7 /* LaunchScreen.storyboard */ = {
			isa = PBXVariantGroup;
			children = (
				09F7432022525E2500F8ECD7 /* Base */,
			);
			name = LaunchScreen.storyboard;
			sourceTree = "<group>";
		};
/* End PBXVariantGroup section */

/* Begin XCBuildConfiguration section */
		09F7432322525E2500F8ECD7 /* Debug */ = {
			isa = XCBuildConfiguration;
			buildSettings = {
				ALWAYS_SEARCH_USER_PATHS = NO;
				CLANG_ANALYZER_NONNULL = YES;
				CLANG_ANALYZER_NUMBER_OBJECT_CONVERSION = YES_AGGRESSIVE;
				CLANG_CXX_LANGUAGE_STANDARD = "gnu++14";
				CLANG_CXX_LIBRARY = "libc++";
				CLANG_ENABLE_MODULES = YES;
				CLANG_ENABLE_OBJC_ARC = YES;
				CLANG_ENABLE_OBJC_WEAK = YES;
				CLANG_WARN_BLOCK_CAPTURE_AUTORELEASING = YES;
				CLANG_WARN_BOOL_CONVERSION = YES;
				CLANG_WARN_COMMA = YES;
				CLANG_WARN_CONSTANT_CONVERSION = YES;
				CLANG_WARN_DEPRECATED_OBJC_IMPLEMENTATIONS = YES;
				CLANG_WARN_DIRECT_OBJC_ISA_USAGE = YES_ERROR;
				CLANG_WARN_DOCUMENTATION_COMMENTS = YES;
				CLANG_WARN_EMPTY_BODY = YES;
				CLANG_WARN_ENUM_CONVERSION = YES;
				CLANG_WARN_INFINITE_RECURSION = YES;
				CLANG_WARN_INT_CONVERSION = YES;
				CLANG_WARN_NON_LITERAL_NULL_CONVERSION = YES;
				CLANG_WARN_OBJC_IMPLICIT_RETAIN_SELF = YES;
				CLANG_WARN_OBJC_LITERAL_CONVERSION = YES;
				CLANG_WARN_OBJC_ROOT_CLASS = YES_ERROR;
				CLANG_WARN_RANGE_LOOP_ANALYSIS = YES;
				CLANG_WARN_STRICT_PROTOTYPES = YES;
				CLANG_WARN_SUSPICIOUS_MOVE = YES;
				CLANG_WARN_UNGUARDED_AVAILABILITY = YES_AGGRESSIVE;
				CLANG_WARN_UNREACHABLE_CODE = YES;
				CLANG_WARN__DUPLICATE_METHOD_MATCH = YES;
				CODE_SIGN_IDENTITY = "iPhone Developer";
				COPY_PHASE_STRIP = NO;
				DEBUG_INFORMATION_FORMAT = dwarf;
				ENABLE_STRICT_OBJC_MSGSEND = YES;
				ENABLE_TESTABILITY = YES;
				GCC_C_LANGUAGE_STANDARD = gnu11;
				GCC_DYNAMIC_NO_PIC = NO;
				GCC_NO_COMMON_BLOCKS = YES;
				GCC_OPTIMIZATION_LEVEL = 0;
				GCC_PREPROCESSOR_DEFINITIONS = (
					"DEBUG=1",
					"$(inherited)",
				);
				GCC_WARN_64_TO_32_BIT_CONVERSION = YES;
				GCC_WARN_ABOUT_RETURN_TYPE = YES_ERROR;
				GCC_WARN_UNDECLARED_SELECTOR = YES;
				GCC_WARN_UNINITIALIZED_AUTOS = YES_AGGRESSIVE;
				GCC_WARN_UNUSED_FUNCTION = YES;
				GCC_WARN_UNUSED_VARIABLE = YES;
				IPHONEOS_DEPLOYMENT_TARGET = 12.2;
				MTL_ENABLE_DEBUG_INFO = INCLUDE_SOURCE;
				MTL_FAST_MATH = YES;
				ONLY_ACTIVE_ARCH = YES;
				SDKROOT = iphoneos;
				SWIFT_ACTIVE_COMPILATION_CONDITIONS = DEBUG;
				SWIFT_OPTIMIZATION_LEVEL = "-Onone";
			};
			name = Debug;
		};
		09F7432422525E2500F8ECD7 /* Release */ = {
			isa = XCBuildConfiguration;
			buildSettings = {
				ALWAYS_SEARCH_USER_PATHS = NO;
				CLANG_ANALYZER_NONNULL = YES;
				CLANG_ANALYZER_NUMBER_OBJECT_CONVERSION = YES_AGGRESSIVE;
				CLANG_CXX_LANGUAGE_STANDARD = "gnu++14";
				CLANG_CXX_LIBRARY = "libc++";
				CLANG_ENABLE_MODULES = YES;
				CLANG_ENABLE_OBJC_ARC = YES;
				CLANG_ENABLE_OBJC_WEAK = YES;
				CLANG_WARN_BLOCK_CAPTURE_AUTORELEASING = YES;
				CLANG_WARN_BOOL_CONVERSION = YES;
				CLANG_WARN_COMMA = YES;
				CLANG_WARN_CONSTANT_CONVERSION = YES;
				CLANG_WARN_DEPRECATED_OBJC_IMPLEMENTATIONS = YES;
				CLANG_WARN_DIRECT_OBJC_ISA_USAGE = YES_ERROR;
				CLANG_WARN_DOCUMENTATION_COMMENTS = YES;
				CLANG_WARN_EMPTY_BODY = YES;
				CLANG_WARN_ENUM_CONVERSION = YES;
				CLANG_WARN_INFINITE_RECURSION = YES;
				CLANG_WARN_INT_CONVERSION = YES;
				CLANG_WARN_NON_LITERAL_NULL_CONVERSION = YES;
				CLANG_WARN_OBJC_IMPLICIT_RETAIN_SELF = YES;
				CLANG_WARN_OBJC_LITERAL_CONVERSION = YES;
				CLANG_WARN_OBJC_ROOT_CLASS = YES_ERROR;
				CLANG_WARN_RANGE_LOOP_ANALYSIS = YES;
				CLANG_WARN_STRICT_PROTOTYPES = YES;
				CLANG_WARN_SUSPICIOUS_MOVE = YES;
				CLANG_WARN_UNGUARDED_AVAILABILITY = YES_AGGRESSIVE;
				CLANG_WARN_UNREACHABLE_CODE = YES;
				CLANG_WARN__DUPLICATE_METHOD_MATCH = YES;
				CODE_SIGN_IDENTITY = "iPhone Developer";
				COPY_PHASE_STRIP = NO;
				DEBUG_INFORMATION_FORMAT = "dwarf-with-dsym";
				ENABLE_NS_ASSERTIONS = NO;
				ENABLE_STRICT_OBJC_MSGSEND = YES;
				GCC_C_LANGUAGE_STANDARD = gnu11;
				GCC_NO_COMMON_BLOCKS = YES;
				GCC_WARN_64_TO_32_BIT_CONVERSION = YES;
				GCC_WARN_ABOUT_RETURN_TYPE = YES_ERROR;
				GCC_WARN_UNDECLARED_SELECTOR = YES;
				GCC_WARN_UNINITIALIZED_AUTOS = YES_AGGRESSIVE;
				GCC_WARN_UNUSED_FUNCTION = YES;
				GCC_WARN_UNUSED_VARIABLE = YES;
				IPHONEOS_DEPLOYMENT_TARGET = 12.2;
				MTL_ENABLE_DEBUG_INFO = NO;
				MTL_FAST_MATH = YES;
				SDKROOT = iphoneos;
				SWIFT_COMPILATION_MODE = wholemodule;
				SWIFT_OPTIMIZATION_LEVEL = "-O";
				VALIDATE_PRODUCT = YES;
			};
			name = Release;
		};
		09F7432622525E2500F8ECD7 /* Debug */ = {
			isa = XCBuildConfiguration;
			buildSettings = {
				ASSETCATALOG_COMPILER_APPICON_NAME = AppIcon;
				CODE_SIGN_STYLE = Automatic;
				DEVELOPMENT_TEAM = EE5BLVURRX;
				FRAMEWORK_SEARCH_PATHS = (
					"$(inherited)",
					"$(PROJECT_DIR)/Challenge\\ 5",
					"$(PROJECT_DIR)/Challenge\\ 5",
					"$(PROJECT_DIR)/Challenge\\ 5",
				);
				INFOPLIST_FILE = "Challenge 5/Info.plist";
				LD_RUNPATH_SEARCH_PATHS = (
					"$(inherited)",
					"@executable_path/Frameworks",
				);
				PRODUCT_BUNDLE_IDENTIFIER = "com.eihab.Challenge-5";
				PRODUCT_NAME = "$(TARGET_NAME)";
				SWIFT_VERSION = 5.0;
				TARGETED_DEVICE_FAMILY = "1,2";
			};
			name = Debug;
		};
		09F7432722525E2500F8ECD7 /* Release */ = {
			isa = XCBuildConfiguration;
			buildSettings = {
				ASSETCATALOG_COMPILER_APPICON_NAME = AppIcon;
				CODE_SIGN_STYLE = Automatic;
				DEVELOPMENT_TEAM = EE5BLVURRX;
				FRAMEWORK_SEARCH_PATHS = (
					"$(inherited)",
					"$(PROJECT_DIR)/Challenge\\ 5",
					"$(PROJECT_DIR)/Challenge\\ 5",
					"$(PROJECT_DIR)/Challenge\\ 5",
				);
				INFOPLIST_FILE = "Challenge 5/Info.plist";
				LD_RUNPATH_SEARCH_PATHS = (
					"$(inherited)",
					"@executable_path/Frameworks",
				);
				PRODUCT_BUNDLE_IDENTIFIER = "com.eihab.Challenge-5";
				PRODUCT_NAME = "$(TARGET_NAME)";
				SWIFT_VERSION = 5.0;
				TARGETED_DEVICE_FAMILY = "1,2";
			};
			name = Release;
		};
/* End XCBuildConfiguration section */

/* Begin XCConfigurationList section */
		09F7430E22525E2500F8ECD7 /* Build configuration list for PBXProject "Challenge 5" */ = {
			isa = XCConfigurationList;
			buildConfigurations = (
				09F7432322525E2500F8ECD7 /* Debug */,
				09F7432422525E2500F8ECD7 /* Release */,
			);
			defaultConfigurationIsVisible = 0;
			defaultConfigurationName = Release;
		};
		09F7432522525E2500F8ECD7 /* Build configuration list for PBXNativeTarget "Challenge 5" */ = {
			isa = XCConfigurationList;
			buildConfigurations = (
				09F7432622525E2500F8ECD7 /* Debug */,
				09F7432722525E2500F8ECD7 /* Release */,
			);
			defaultConfigurationIsVisible = 0;
			defaultConfigurationName = Release;
		};
/* End XCConfigurationList section */
	};
	rootObject = 09F7430B22525E2500F8ECD7 /* Project object */;
}
